{
  "lockfileVersion": 2,
  "configVersion": 1,
  "workspaces": {
    "": {
      "name": "simfarm",
      "dependencies": {
        "jpeg-js": "^0.4.4",
        "serve-sim": "^0.1.45",
        "ws": "^8.21.3",
      },
      "devDependencies": {
        "@types/node": "^24.0.0",
        "@types/ws": "^8.5.13",
        "typescript": "^5.9.0",
      },
    },
  },
  "packages": {
    "@types/node": ["@types/node@24.13.3", "", { "dependencies": { "undici-types": "~7.18.0" } }, "sha512-Dh8vAsV36ig5wa9OX4pXvMc9D3Veibfw2wix0CUwYODLD8nkj9UsLjASr49nPg+2eKzxhBV+v7L8pXvT4e639Q=="],

    "@types/ws": ["@types/ws@8.18.1", "", { "dependencies": { "@types/node": "*" } }, "sha512-ThVF6DCVhA8kUGy+aazFQ4kXQ7E1Ty7A3ypFOe0IcJV8O/M511G99AW24irKrW56Wt44yG9+ij8FaqoBGkuBXg=="],

    "inspect-webkit": ["inspect-webkit@0.0.5", "", { "peerDependencies": { "typescript": "^5" }, "bin": { "inspect-webkit": "dist/cli.js" } }, "sha512-584wP/2nJO1LX74nqHP2j0tQzlK9ZTi+D0Z9qeLQjtUR/LCMXQHGX8M0vrsqBwTeGakF7q5GMFpg81nxUYlCvw=="],

    "jpeg-js": ["jpeg-js@0.4.4", "", {}, "sha512-WZzeDOEtTOBK4Mdsar0IqEU5sMr3vSV2RqkAIzUEV2BHnUfKGyswWFPFwK5EeDo93K3FohSHbLAjj0s1Wzd+dg=="],

    "react": ["react@19.2.8", "", {}, "sha512-PWaYA1L/q9u2u7xYQi+Y3L3Yfnie7XyLeaJICV1MGD6LprsBxcAqGjYyr0eY3p+QdsA+x/Irkt4Qif8D63+Sbw=="],

    "react-dom": ["react-dom@19.2.8", "", { "dependencies": { "scheduler": "^0.27.0" }, "peerDependencies": { "react": "^19.2.8" } }, "sha512-rVprimfGBG3DR+Tq0IQG2DT5PxKth1WIGDmj5yPmlzr4YBe7uyE+Du4oVqTDXZSHGGGXRtTJEGSSePyQCMBglQ=="],

    "scheduler": ["scheduler@0.27.0", "", {}, "sha512-eNv+WrVbKu1f3vbYJT/xtiF5syA5HPIMtf9IgY/nKg0sWqzAUEvqY/xm7OcZc/qafLx/iO9FgOmeSAp4v5ti/Q=="],

    "serve-sim": ["serve-sim@0.1.45", "", { "dependencies": { "inspect-webkit": "^0.0.5", "sonner": "^2.0.7", "ws": "^8.21.0" }, "bin": { "serve-sim": "dist/serve-sim.js" } }, "sha512-I9YBJRz7DETanzh6hRD1yaVcUPO+xe4egjGNArk22mO7SIWZVCunHVTwpAbriP7H0aZMIKfQyVpuqvYonuKxBw=="],

    "sonner": ["sonner@2.0.8", "", { "peerDependencies": { "@types/react": "^18.0.0 || ^19.0.0", "react": "^18.0.0 || ^19.0.0 || ^19.0.0-rc", "react-dom": "^18.0.0 || ^19.0.0 || ^19.0.0-rc" }, "optionalPeers": ["@types/react"] }, "sha512-UM/ByIoFra8yzV75n1o0Puu0bw5U/9UNnDacrJNspekBewIfsQ3D6ez1nvlWpt7aTsO6rujQtifBpycwIivqlg=="],

    "typescript": ["typescript@5.9.3", "", { "bin": { "tsc": "bin/tsc", "tsserver": "bin/tsserver" } }, "sha512-jl1vZzPDinLr9eUt3J/t7V6FgNEw9QjvBPdysz9KfQDD41fQrC2Y4vKQdiaUpFT4bXlb1RHhLpp8wtm6M5TgSw=="],

    "undici-types": ["undici-types@7.18.2", "", {}, "sha512-AsuCzffGHJybSaRrmr5eHr81mwJU3kjw6M+uprWvCXiNeN9SOGwQ3Jn8jb8m3Z6izVgknn1R0FTCEAP2QrLY/w=="],

    "ws": ["ws@8.21.3", "", { "peerDependencies": { "bufferutil": "^4.0.1", "utf-8-validate": ">=5.0.2" }, "optionalPeers": ["bufferutil", "utf-8-validate"] }, "sha512-201TZ/kPWxoPr/OKWjquZR1SWKXcvxdH+e1xrx89b3YbmzLMFCLfnaG1HFIgWzJOEWZ7MvpK++odZufgYR50Rw=="],

    "@types/ws/@types/node": ["@types/node@26.2.0", "", { "dependencies": { "undici-types": "~8.3.0" } }, "sha512-5IviulTZeRNp2vAJ514cc/HUlY5nZ9fCbq9DMyC52BrhFZACo3nI0R7qBxhQmo/d27NFe96ur/b7Wwxklda+kg=="],

    "@types/ws/@types/node/undici-types": ["undici-types@8.3.0", "", {}, "sha512-j375ScV60dom+YkPFIfTLcOiPxkN/buHz5GobjLhixFuANaNs3C9l4GmrWqejgXWJ7BbJcFYpTEUkS1Ge8bpZQ=="],
  }
}
